
Microsoft Visual Studio Solution File, Format Version 12.00
# Visual Studio 15
VisualStudioVersion = 15.0.28010.2003
MinimumVisualStudioVersion = 10.0.40219.1
Project("{9A19103F-16F7-4668-BE54-9A1E7A4F7556}") = "Aproplan.Api", "Aproplan.Api\Aproplan.Api.csproj", "{1D71E766-FFAF-4D13-B805-91658A5317F7}"
EndProject
Project("{FAE04EC0-301F-11D3-BF4B-00C04F79EFBC}") = "TestSdkConsole", "TestSdkConsole\TestSdkConsole.csproj", "{6D02499A-D242-4A3E-95EB-35707B41A0A9}"
EndProject
Project("{2150E333-8FDC-42A3-9474-1A3956D46DE8}") = "Solution Items", "Solution Items", "{27A8A0CA-A5DC-4D0E-86BA-6260E6FC1D02}"
	ProjectSection(SolutionItems) = preProject
		README.md = README.md
	EndProjectSection
EndProject
Project("{FAE04EC0-301F-11D3-BF4B-00C04F79EFBC}") = "Aproplan.Api.Tests", "Aproplan.Api.Tests\Aproplan.Api.Tests.csproj", "{17DA81C2-5C04-4B9E-8DFA-F65DF6C51CB5}"
EndProject
Global
	GlobalSection(SolutionConfigurationPlatforms) = preSolution
		Debug|Any CPU = Debug|Any CPU
		Release|Any CPU = Release|Any CPU
	EndGlobalSection
	GlobalSection(ProjectConfigurationPlatforms) = postSolution
		{1D71E766-FFAF-4D13-B805-91658A5317F7}.Debug|Any CPU.ActiveCfg = Debug|Any CPU
		{1D71E766-FFAF-4D13-B805-91658A5317F7}.Debug|Any CPU.Build.0 = Debug|Any CPU
		{1D71E766-FFAF-4D13-B805-91658A5317F7}.Release|Any CPU.ActiveCfg = Release|Any CPU
		{1D71E766-FFAF-4D13-B805-91658A5317F7}.Release|Any CPU.Build.0 = Release|Any CPU
		{6D02499A-D242-4A3E-95EB-35707B41A0A9}.Debug|Any CPU.ActiveCfg = Debug|Any CPU
		{6D02499A-D242-4A3E-95EB-35707B41A0A9}.Debug|Any CPU.Build.0 = Debug|Any CPU
		{6D02499A-D242-4A3E-95EB-35707B41A0A9}.Release|Any CPU.ActiveCfg = Release|Any CPU
		{6D02499A-D242-4A3E-95EB-35707B41A0A9}.Release|Any CPU.Build.0 = Release|Any CPU
		{17DA81C2-5C04-4B9E-8DFA-F65DF6C51CB5}.Debug|Any CPU.ActiveCfg = Debug|Any CPU
		{17DA81C2-5C04-4B9E-8DFA-F65DF6C51CB5}.Debug|Any CPU.Build.0 = Debug|Any CPU
		{17DA81C2-5C04-4B9E-8DFA-F65DF6C51CB5}.Release|Any CPU.ActiveCfg = Release|Any CPU
		{17DA81C2-5C04-4B9E-8DFA-F65DF6C51CB5}.Release|Any CPU.Build.0 = Release|Any CPU
	EndGlobalSection
	GlobalSection(SolutionProperties) = preSolution
		HideSolutionNode = FALSE
	EndGlobalSection
	GlobalSection(ExtensibilityGlobals) = postSolution
		SolutionGuid = {51FCCDF5-3A22-4CE3-B54F-6139BBA9197E}
	EndGlobalSection
EndGlobal
